// !$*UTF8*$!
{
	archiveVersion = 1;
	classes = {
	};
	objectVersion = 46;
	objects = {

/* Begin PBXBuildFile section */
		D45AE07B1D1D21ED0046F52C /* Events.swift in Sources */ = {isa = PBXBuildFile; fileRef = D45AE07A1D1D21ED0046F52C /* Events.swift */; };
		D46234A01D173FE50056FA48 /* AppDelegate.swift in Sources */ = {isa = PBXBuildFile; fileRef = D462349F1D173FE50056FA48 /* AppDelegate.swift */; };
		D46234A21D173FE50056FA48 /* ViewController.swift in Sources */ = {isa = PBXBuildFile; fileRef = D46234A11D173FE50056FA48 /* ViewController.swift */; };
		D46234A51D173FE50056FA48 /* Main.storyboard in Resources */ = {isa = PBXBuildFile; fileRef = D46234A31D173FE50056FA48 /* Main.storyboard */; };
		D46234A71D173FE50056FA48 /* Assets.xcassets in Resources */ = {isa = PBXBuildFile; fileRef = D46234A61D173FE50056FA48 /* Assets.xcassets */; };
		D46234AA1D173FE50056FA48 /* LaunchScreen.storyboard in Resources */ = {isa = PBXBuildFile; fileRef = D46234A81D173FE50056FA48 /* LaunchScreen.storyboard */; };
		D46234B31D1758F90056FA48 /* EventModel.swift in Sources */ = {isa = PBXBuildFile; fileRef = D46234B21D1758F90056FA48 /* EventModel.swift */; };
		D4964F111D1E00D600B0EF7C /* CorrectDing.wav in Resources */ = {isa = PBXBuildFile; fileRef = D4964F0F1D1E00D600B0EF7C /* CorrectDing.wav */; };
		D4964F121D1E00D600B0EF7C /* IncorrectBuzz.wav in Resources */ = {isa = PBXBuildFile; fileRef = D4964F101D1E00D600B0EF7C /* IncorrectBuzz.wav */; };
		D4E561241D1D3C24006FF4FB /* EventList.plist in Resources */ = {isa = PBXBuildFile; fileRef = D4E561231D1D3C24006FF4FB /* EventList.plist */; };
		D4E561261D1D5D69006FF4FB /* ScoreViewController.swift in Sources */ = {isa = PBXBuildFile; fileRef = D4E561251D1D5D69006FF4FB /* ScoreViewController.swift */; };
		D4E561281D1D6FDC006FF4FB /* WebViewViewController.swift in Sources */ = {isa = PBXBuildFile; fileRef = D4E561271D1D6FDC006FF4FB /* WebViewViewController.swift */; };
/* End PBXBuildFile section */

/* Begin PBXFileReference section */
		D45AE07A1D1D21ED0046F52C /* Events.swift */ = {isa = PBXFileReference; fileEncoding = 4; lastKnownFileType = sourcecode.swift; path = Events.swift; sourceTree = "<group>"; };
		D462349C1D173FE50056FA48 /* BoutTime.app */ = {isa = PBXFileReference; explicitFileType = wrapper.application; includeInIndex = 0; path = BoutTime.app; sourceTree = BUILT_PRODUCTS_DIR; };
		D462349F1D173FE50056FA48 /* AppDelegate.swift */ = {isa = PBXFileReference; lastKnownFileType = sourcecode.swift; path = AppDelegate.swift; sourceTree = "<group>"; };
		D46234A11D173FE50056FA48 /* ViewController.swift */ = {isa = PBXFileReference; lastKnownFileType = sourcecode.swift; path = ViewController.swift; sourceTree = "<group>"; };
		D46234A41D173FE50056FA48 /* Base */ = {isa = PBXFileReference; lastKnownFileType = file.storyboard; name = Base; path = Base.lproj/Main.storyboard; sourceTree = "<group>"; };
		D46234A61D173FE50056FA48 /* Assets.xcassets */ = {isa = PBXFileReference; lastKnownFileType = folder.assetcatalog; path = Assets.xcassets; sourceTree = "<group>"; };
		D46234A91D173FE50056FA48 /* Base */ = {isa = PBXFileReference; lastKnownFileType = file.storyboard; name = Base; path = Base.lproj/LaunchScreen.storyboard; sourceTree = "<group>"; };
		D46234AB1D173FE50056FA48 /* Info.plist */ = {isa = PBXFileReference; lastKnownFileType = text.plist.xml; path = Info.plist; sourceTree = "<group>"; };
		D46234B21D1758F90056FA48 /* EventModel.swift */ = {isa = PBXFileReference; fileEncoding = 4; lastKnownFileType = sourcecode.swift; path = EventModel.swift; sourceTree = "<group>"; };
		D4964F0F1D1E00D600B0EF7C /* CorrectDing.wav */ = {isa = PBXFileReference; lastKnownFileType = audio.wav; path = CorrectDing.wav; sourceTree = "<group>"; };
		D4964F101D1E00D600B0EF7C /* IncorrectBuzz.wav */ = {isa = PBXFileReference; lastKnownFileType = audio.wav; path = IncorrectBuzz.wav; sourceTree = "<group>"; };
		D4E561231D1D3C24006FF4FB /* EventList.plist */ = {isa = PBXFileReference; fileEncoding = 4; lastKnownFileType = text.plist.xml; name = EventList.plist; path = ../EventList.plist; sourceTree = "<group>"; };
		D4E561251D1D5D69006FF4FB /* ScoreViewController.swift */ = {isa = PBXFileReference; fileEncoding = 4; lastKnownFileType = sourcecode.swift; path = ScoreViewController.swift; sourceTree = "<group>"; };
		D4E561271D1D6FDC006FF4FB /* WebViewViewController.swift */ = {isa = PBXFileReference; fileEncoding = 4; lastKnownFileType = sourcecode.swift; path = WebViewViewController.swift; sourceTree = "<group>"; };
/* End PBXFileReference section */

/* Begin PBXFrameworksBuildPhase section */
		D46234991D173FE50056FA48 /* Frameworks */ = {
			isa = PBXFrameworksBuildPhase;
			buildActionMask = 2147483647;
			files = (
			);
			runOnlyForDeploymentPostprocessing = 0;
		};
/* End PBXFrameworksBuildPhase section */

/* Begin PBXGroup section */
		D45AE07C1D1D22850046F52C /* Model */ = {
			isa = PBXGroup;
			children = (
				D46234B21D1758F90056FA48 /* EventModel.swift */,
				D45AE07A1D1D21ED0046F52C /* Events.swift */,
			);
			name = Model;
			sourceTree = "<group>";
		};
		D46234931D173FE50056FA48 = {
			isa = PBXGroup;
			children = (
				D462349E1D173FE50056FA48 /* BoutTime */,
				D462349D1D173FE50056FA48 /* Products */,
			);
			sourceTree = "<group>";
		};
		D462349D1D173FE50056FA48 /* Products */ = {
			isa = PBXGroup;
			children = (
				D462349C1D173FE50056FA48 /* BoutTime.app */,
			);
			name = Products;
			sourceTree = "<group>";
		};
		D462349E1D173FE50056FA48 /* BoutTime */ = {
			isa = PBXGroup;
			children = (
				D462349F1D173FE50056FA48 /* AppDelegate.swift */,
				D45AE07C1D1D22850046F52C /* Model */,
				D46234A11D173FE50056FA48 /* ViewController.swift */,
				D4E561251D1D5D69006FF4FB /* ScoreViewController.swift */,
				D4E561271D1D6FDC006FF4FB /* WebViewViewController.swift */,
				D4E561231D1D3C24006FF4FB /* EventList.plist */,
				D4964F0E1D1DFF6D00B0EF7C /* Sounds */,
				D46234A31D173FE50056FA48 /* Main.storyboard */,
				D46234A61D173FE50056FA48 /* Assets.xcassets */,
				D46234B11D17408B0056FA48 /* Extra */,
			);
			path = BoutTime;
			sourceTree = "<group>";
		};
		D46234B11D17408B0056FA48 /* Extra */ = {
			isa = PBXGroup;
			children = (
				D46234A81D173FE50056FA48 /* LaunchScreen.storyboard */,
				D46234AB1D173FE50056FA48 /* Info.plist */,
			);
			name = Extra;
			sourceTree = "<group>";
		};
		D4964F0E1D1DFF6D00B0EF7C /* Sounds */ = {
			isa = PBXGroup;
			children = (
				D4964F0F1D1E00D600B0EF7C /* CorrectDing.wav */,
				D4964F101D1E00D600B0EF7C /* IncorrectBuzz.wav */,
			);
			name = Sounds;
			sourceTree = "<group>";
		};
/* End PBXGroup section */

/* Begin PBXNativeTarget section */
		D462349B1D173FE50056FA48 /* BoutTime */ = {
			isa = PBXNativeTarget;
			buildConfigurationList = D46234AE1D173FE50056FA48 /* Build configuration list for PBXNativeTarget "BoutTime" */;
			buildPhases = (
				D46234981D173FE50056FA48 /* Sources */,
				D46234991D173FE50056FA48 /* Frameworks */,
				D462349A1D173FE50056FA48 /* Resources */,
			);
			buildRules = (
			);
			dependencies = (
			);
			name = BoutTime;
			productName = BoutTime;
			productReference = D462349C1D173FE50056FA48 /* BoutTime.app */;
			productType = "com.apple.product-type.application";
		};
/* End PBXNativeTarget section */

/* Begin PBXProject section */
		D46234941D173FE50056FA48 /* Project object */ = {
			isa = PBXProject;
			attributes = {
				LastSwiftUpdateCheck = 0730;
				LastUpgradeCheck = 0730;
				ORGANIZATIONNAME = BlueFlameApps;
				TargetAttributes = {
					D462349B1D173FE50056FA48 = {
						CreatedOnToolsVersion = 7.3.1;
					};
				};
			};
			buildConfigurationList = D46234971D173FE50056FA48 /* Build configuration list for PBXProject "BoutTime" */;
			compatibilityVersion = "Xcode 3.2";
			developmentRegion = English;
			hasScannedForEncodings = 0;
			knownRegions = (
				en,
				Base,
			);
			mainGroup = D46234931D173FE50056FA48;
			productRefGroup = D462349D1D173FE50056FA48 /* Products */;
			projectDirPath = "";
			projectRoot = "";
			targets = (
				D462349B1D173FE50056FA48 /* BoutTime */,
			);
		};
/* End PBXProject section */

/* Begin PBXResourcesBuildPhase section */
		D462349A1D173FE50056FA48 /* Resources */ = {
			isa = PBXResourcesBuildPhase;
			buildActionMask = 2147483647;
			files = (
				D4964F111D1E00D600B0EF7C /* CorrectDing.wav in Resources */,
				D46234AA1D173FE50056FA48 /* LaunchScreen.storyboard in Resources */,
				D46234A71D173FE50056FA48 /* Assets.xcassets in Resources */,
				D4964F121D1E00D600B0EF7C /* IncorrectBuzz.wav in Resources */,
				D46234A51D173FE50056FA48 /* Main.storyboard in Resources */,
				D4E561241D1D3C24006FF4FB /* EventList.plist in Resources */,
			);
			runOnlyForDeploymentPostprocessing = 0;
		};
/* End PBXResourcesBuildPhase section */

/* Begin PBXSourcesBuildPhase section */
		D46234981D173FE50056FA48 /* Sources */ = {
			isa = PBXSourcesBuildPhase;
			buildActionMask = 2147483647;
			files = (
				D45AE07B1D1D21ED0046F52C /* Events.swift in Sources */,
				D46234A21D173FE50056FA48 /* ViewController.swift in Sources */,
				D4E561261D1D5D69006FF4FB /* ScoreViewController.swift in Sources */,
				D46234B31D1758F90056FA48 /* EventModel.swift in Sources */,
				D4E561281D1D6FDC006FF4FB /* WebViewViewController.swift in Sources */,
				D46234A01D173FE50056FA48 /* AppDelegate.swift in Sources */,
			);
			runOnlyForDeploymentPostprocessing = 0;
		};
/* End PBXSourcesBuildPhase section */

/* Begin PBXVariantGroup section */
		D46234A31D173FE50056FA48 /* Main.storyboard */ = {
			isa = PBXVariantGroup;
			children = (
				D46234A41D173FE50056FA48 /* Base */,
			);
			name = Main.storyboard;
			sourceTree = "<group>";
		};
		D46234A81D173FE50056FA48 /* LaunchScreen.storyboard */ = {
			isa = PBXVariantGroup;
			children = (
				D46234A91D173FE50056FA48 /* Base */,
			);
			name = LaunchScreen.storyboard;
			sourceTree = "<group>";
		};
/* End PBXVariantGroup section */

/* Begin XCBuildConfiguration section */
		D46234AC1D173FE50056FA48 /* Debug */ = {
			isa = XCBuildConfiguration;
			buildSettings = {
				ALWAYS_SEARCH_USER_PATHS = NO;
				CLANG_ANALYZER_NONNULL = YES;
				CLANG_CXX_LANGUAGE_STANDARD = "gnu++0x";
				CLANG_CXX_LIBRARY = "libc++";
				CLANG_ENABLE_MODULES = YES;
				CLANG_ENABLE_OBJC_ARC = YES;
				CLANG_WARN_BOOL_CONVERSION = YES;
				CLANG_WARN_CONSTANT_CONVERSION = YES;
				CLANG_WARN_DIRECT_OBJC_ISA_USAGE = YES_ERROR;
				CLANG_WARN_EMPTY_BODY = YES;
				CLANG_WARN_ENUM_CONVERSION = YES;
				CLANG_WARN_INT_CONVERSION = YES;
				CLANG_WARN_OBJC_ROOT_CLASS = YES_ERROR;
				CLANG_WARN_UNREACHABLE_CODE = YES;
				CLANG_WARN__DUPLICATE_METHOD_MATCH = YES;
				"CODE_SIGN_IDENTITY[sdk=iphoneos*]" = "iPhone Developer";
				COPY_PHASE_STRIP = NO;
				DEBUG_INFORMATION_FORMAT = dwarf;
				ENABLE_STRICT_OBJC_MSGSEND = YES;
				ENABLE_TESTABILITY = YES;
				GCC_C_LANGUAGE_STANDARD = gnu99;
				GCC_DYNAMIC_NO_PIC = NO;
				GCC_NO_COMMON_BLOCKS = YES;
				GCC_OPTIMIZATION_LEVEL = 0;
				GCC_PREPROCESSOR_DEFINITIONS = (
					"DEBUG=1",
					"$(inherited)",
				);
				GCC_WARN_64_TO_32_BIT_CONVERSION = YES;
				GCC_WARN_ABOUT_RETURN_TYPE = YES_ERROR;
				GCC_WARN_UNDECLARED_SELECTOR = YES;
				GCC_WARN_UNINITIALIZED_AUTOS = YES_AGGRESSIVE;
				GCC_WARN_UNUSED_FUNCTION = YES;
				GCC_WARN_UNUSED_VARIABLE = YES;
				IPHONEOS_DEPLOYMENT_TARGET = 9.3;
				MTL_ENABLE_DEBUG_INFO = YES;
				ONLY_ACTIVE_ARCH = YES;
				SDKROOT = iphoneos;
				SWIFT_OPTIMIZATION_LEVEL = "-Onone";
			};
			name = Debug;
		};
		D46234AD1D173FE50056FA48 /* Release */ = {
			isa = XCBuildConfiguration;
			buildSettings = {
				ALWAYS_SEARCH_USER_PATHS = NO;
				CLANG_ANALYZER_NONNULL = YES;
				CLANG_CXX_LANGUAGE_STANDARD = "gnu++0x";
				CLANG_CXX_LIBRARY = "libc++";
				CLANG_ENABLE_MODULES = YES;
				CLANG_ENABLE_OBJC_ARC = YES;
				CLANG_WARN_BOOL_CONVERSION = YES;
				CLANG_WARN_CONSTANT_CONVERSION = YES;
				CLANG_WARN_DIRECT_OBJC_ISA_USAGE = YES_ERROR;
				CLANG_WARN_EMPTY_BODY = YES;
				CLANG_WARN_ENUM_CONVERSION = YES;
				CLANG_WARN_INT_CONVERSION = YES;
				CLANG_WARN_OBJC_ROOT_CLASS = YES_ERROR;
				CLANG_WARN_UNREACHABLE_CODE = YES;
				CLANG_WARN__DUPLICATE_METHOD_MATCH = YES;
				"CODE_SIGN_IDENTITY[sdk=iphoneos*]" = "iPhone Developer";
				COPY_PHASE_STRIP = NO;
				DEBUG_INFORMATION_FORMAT = "dwarf-with-dsym";
				ENABLE_NS_ASSERTIONS = NO;
				ENABLE_STRICT_OBJC_MSGSEND = YES;
				GCC_C_LANGUAGE_STANDARD = gnu99;
				GCC_NO_COMMON_BLOCKS = YES;
				GCC_WARN_64_TO_32_BIT_CONVERSION = YES;
				GCC_WARN_ABOUT_RETURN_TYPE = YES_ERROR;
				GCC_WARN_UNDECLARED_SELECTOR = YES;
				GCC_WARN_UNINITIALIZED_AUTOS = YES_AGGRESSIVE;
				GCC_WARN_UNUSED_FUNCTION = YES;
				GCC_WARN_UNUSED_VARIABLE = YES;
				IPHONEOS_DEPLOYMENT_TARGET = 9.3;
				MTL_ENABLE_DEBUG_INFO = NO;
				SDKROOT = iphoneos;
				VALIDATE_PRODUCT = YES;
			};
			name = Release;
		};
		D46234AF1D173FE50056FA48 /* Debug */ = {
			isa = XCBuildConfiguration;
			buildSettings = {
				ASSETCATALOG_COMPILER_APPICON_NAME = AppIcon;
				INFOPLIST_FILE = BoutTime/Info.plist;
				LD_RUNPATH_SEARCH_PATHS = "$(inherited) @executable_path/Frameworks";
				PRODUCT_BUNDLE_IDENTIFIER = com.BlueFlameApps.BoutTime;
				PRODUCT_NAME = "$(TARGET_NAME)";
			};
			name = Debug;
		};
		D46234B01D173FE50056FA48 /* Release */ = {
			isa = XCBuildConfiguration;
			buildSettings = {
				ASSETCATALOG_COMPILER_APPICON_NAME = AppIcon;
				INFOPLIST_FILE = BoutTime/Info.plist;
				LD_RUNPATH_SEARCH_PATHS = "$(inherited) @executable_path/Frameworks";
				PRODUCT_BUNDLE_IDENTIFIER = com.BlueFlameApps.BoutTime;
				PRODUCT_NAME = "$(TARGET_NAME)";
			};
			name = Release;
		};
/* End XCBuildConfiguration section */

/* Begin XCConfigurationList section */
		D46234971D173FE50056FA48 /* Build configuration list for PBXProject "BoutTime" */ = {
			isa = XCConfigurationList;
			buildConfigurations = (
				D46234AC1D173FE50056FA48 /* Debug */,
				D46234AD1D173FE50056FA48 /* Release */,
			);
			defaultConfigurationIsVisible = 0;
			defaultConfigurationName = Release;
		};
		D46234AE1D173FE50056FA48 /* Build configuration list for PBXNativeTarget "BoutTime" */ = {
			isa = XCConfigurationList;
			buildConfigurations = (
				D46234AF1D173FE50056FA48 /* Debug */,
				D46234B01D173FE50056FA48 /* Release */,
			);
			defaultConfigurationIsVisible = 0;
			defaultConfigurationName = Release;
		};
/* End XCConfigurationList section */
	};
	rootObject = D46234941D173FE50056FA48 /* Project object */;
}
